
Microsoft Visual Studio Solution File, Format Version 12.00
# Visual Studio 15
VisualStudioVersion = 15.0.27428.2015
MinimumVisualStudioVersion = 10.0.40219.1
Project("{FAE04EC0-301F-11D3-BF4B-00C04F79EFBC}") = "caterapp", "caterapp\caterapp.csproj", "{D1FA104C-1C71-4BC3-903E-8F8A7252354C}"
EndProject
Global
	GlobalSection(SolutionConfigurationPlatforms) = preSolution
		Debug|Any CPU = Debug|Any CPU
		Release|Any CPU = Release|Any CPU
	EndGlobalSection
	GlobalSection(ProjectConfigurationPlatforms) = postSolution
		{D1FA104C-1C71-4BC3-903E-8F8A7252354C}.Debug|Any CPU.ActiveCfg = Debug|Any CPU
		{D1FA104C-1C71-4BC3-903E-8F8A7252354C}.Debug|Any CPU.Build.0 = Debug|Any CPU
		{D1FA104C-1C71-4BC3-903E-8F8A7252354C}.Release|Any CPU.ActiveCfg = Release|Any CPU
		{D1FA104C-1C71-4BC3-903E-8F8A7252354C}.Release|Any CPU.Build.0 = Release|Any CPU
	EndGlobalSection
	GlobalSection(SolutionProperties) = preSolution
		HideSolutionNode = FALSE
	EndGlobalSection
	GlobalSection(ExtensibilityGlobals) = postSolution
		SolutionGuid = {58D82DD3-0FE3-43B6-8362-AD0B48435461}
	EndGlobalSection
EndGlobal
